version = 1
revision = 3
requires-python = "==3.12.*"

[[package]]
name = "pyobjc-core"
version = "12.2"
source = { registry = "https://pypi.org/simple" }
sdist = { url = "https://files.pythonhosted.org/packages/2a/e8/a6cc12669211e7c9b29e8f26bf2159e67c7a73555dc229018abf46d8167a/pyobjc_core-12.2.tar.gz", hash = "sha256:51d7de4cfa32f508c6a7aac31f131b12d5e196a8dcf588e6e8d7e6337224f66d", size = 1062064, upload-time = "2026-05-30T12:29:55.417Z" }
wheels = [
    { url = "https://files.pythonhosted.org/packages/24/be/4771f4fd786f0e1a2bd6d8931a72a5f3929b7bb1b28a1fe6ca8a08371c55/pyobjc_core-12.2-cp312-cp312-macosx_10_13_universal2.whl", hash = "sha256:7677ed758a367bbbb5589d6f5276fb360a45c89168276c26162f61840b0fa03d", size = 6421145, upload-time = "2026-05-30T10:17:41.992Z" },
]

[[package]]
name = "pyobjc-framework-cocoa"
version = "12.2"
source = { registry = "https://pypi.org/simple" }
dependencies = [
    { name = "pyobjc-core" },
]
sdist = { url = "https://files.pythonhosted.org/packages/6d/cc/927169225e72bab9c9b44285656768fb75052a0bc85fdbca62740e1ca43c/pyobjc_framework_cocoa-12.2.tar.gz", hash = "sha256:20b392e2b7241caad0538dfde12143343e5dfe48f72e7df660a7548e635903dc", size = 3125555, upload-time = "2026-05-30T12:35:09.273Z" }
wheels = [
    { url = "https://files.pythonhosted.org/packages/30/66/5a91f2eddfced4f26bc2df2bcebb7f5f10c5bf5666aff6fa00ded845af07/pyobjc_framework_cocoa-12.2-cp312-cp312-macosx_10_13_universal2.whl", hash = "sha256:06cb92d97d1af9d1f459ae6cf1d1a7b824c12d3aff1b709885966acd6b7208c2", size = 388093, upload-time = "2026-05-30T11:58:14.921Z" },
]

[[package]]
name = "pyobjc-framework-webkit"
version = "12.2"
source = { registry = "https://pypi.org/simple" }
dependencies = [
    { name = "pyobjc-core" },
    { name = "pyobjc-framework-cocoa" },
]
sdist = { url = "https://files.pythonhosted.org/packages/06/ba/0e17f151d80854285a84b3c96f48d55b0c61ae683060a52cd50084ef4c64/pyobjc_framework_webkit-12.2.tar.gz", hash = "sha256:498353fe812006f7fe2829a679018fcff3ed2684aa31c08d8a8af929ee9283b6", size = 332359, upload-time = "2026-05-30T12:46:37.677Z" }
wheels = [
    { url = "https://files.pythonhosted.org/packages/8c/ae/0cfe909116627905542390c7d6a33a3090b6e7f2174b9d75f9c8a661d431/pyobjc_framework_webkit-12.2-cp312-cp312-macosx_10_13_universal2.whl", hash = "sha256:bd1e0f6f340a5516c853aa59fde381e002f2c109ae64a05ad4e99a2b74375fcb", size = 50337, upload-time = "2026-05-30T12:28:24.926Z" },
]

[[package]]
name = "sonar-bar"
version = "0.1.0"
source = { virtual = "." }
dependencies = [
    { name = "pyobjc-framework-webkit" },
]

[package.metadata]
requires-dist = [{ name = "pyobjc-framework-webkit", specifier = ">=10.0" }]
